// !$*UTF8*$!
{
	archiveVersion = 1;
	classes = {
	};
	objectVersion = 77;
	objects = {

/* Begin PBXBuildFile section */
		6DD1E0F52E2F5EBD00193A7B /* RealityKitContent in Frameworks */ = {isa = PBXBuildFile; productRef = 6DD1E0F42E2F5EBD00193A7B /* RealityKitContent */; };
/* End PBXBuildFile section */

/* Begin PBXContainerItemProxy section */
		6DD1E1052E2F5EBF00193A7B /* PBXContainerItemProxy */ = {
			isa = PBXContainerItemProxy;
			containerPortal = 6DD1E0E72E2F5EBD00193A7B /* Project object */;
			proxyType = 1;
			remoteGlobalIDString = 6DD1E0EE2E2F5EBD00193A7B;
			remoteInfo = AVP_Practice;
		};
/* End PBXContainerItemProxy section */

/* Begin PBXFileReference section */
		6DD1E0EF2E2F5EBD00193A7B /* AVP_Practice.app */ = {isa = PBXFileReference; explicitFileType = wrapper.application; includeInIndex = 0; path = AVP_Practice.app; sourceTree = BUILT_PRODUCTS_DIR; };
		6DD1E0F32E2F5EBD00193A7B /* RealityKitContent */ = {isa = PBXFileReference; lastKnownFileType = wrapper; path = RealityKitContent; sourceTree = "<group>"; };
		6DD1E1042E2F5EBF00193A7B /* AVP_PracticeTests.xctest */ = {isa = PBXFileReference; explicitFileType = wrapper.cfbundle; includeInIndex = 0; path = AVP_PracticeTests.xctest; sourceTree = BUILT_PRODUCTS_DIR; };
/* End PBXFileReference section */

/* Begin PBXFileSystemSynchronizedBuildFileExceptionSet section */
		6DD1E10A2E2F5EBF00193A7B /* Exceptions for "AVP_Practice" folder in "AVP_Practice" target */ = {
			isa = PBXFileSystemSynchronizedBuildFileExceptionSet;
			membershipExceptions = (
				Info.plist,
			);
			target = 6DD1E0EE2E2F5EBD00193A7B /* AVP_Practice */;
		};
/* End PBXFileSystemSynchronizedBuildFileExceptionSet section */

/* Begin PBXFileSystemSynchronizedRootGroup section */
		6DD1E0F12E2F5EBD00193A7B /* AVP_Practice */ = {
			isa = PBXFileSystemSynchronizedRootGroup;
			exceptions = (
				6DD1E10A2E2F5EBF00193A7B /* Exceptions for "AVP_Practice" folder in "AVP_Practice" target */,
			);
			path = AVP_Practice;
			sourceTree = "<group>";
		};
		6DD1E1072E2F5EBF00193A7B /* AVP_PracticeTests */ = {
			isa = PBXFileSystemSynchronizedRootGroup;
			path = AVP_PracticeTests;
			sourceTree = "<group>";
		};
/* End PBXFileSystemSynchronizedRootGroup section */

/* Begin PBXFrameworksBuildPhase section */
		6DD1E0EC2E2F5EBD00193A7B /* Frameworks */ = {
			isa = PBXFrameworksBuildPhase;
			buildActionMask = 2147483647;
			files = (
				6DD1E0F52E2F5EBD00193A7B /* RealityKitContent in Frameworks */,
			);
			runOnlyForDeploymentPostprocessing = 0;
		};
		6DD1E1012E2F5EBF00193A7B /* Frameworks */ = {
			isa = PBXFrameworksBuildPhase;
			buildActionMask = 2147483647;
			files = (
			);
			runOnlyForDeploymentPostprocessing = 0;
		};
/* End PBXFrameworksBuildPhase section */

/* Begin PBXGroup section */
		6DD1E0E62E2F5EBD00193A7B = {
			isa = PBXGroup;
			children = (
				6DD1E0F12E2F5EBD00193A7B /* AVP_Practice */,
				6DD1E0F22E2F5EBD00193A7B /* Packages */,
				6DD1E1072E2F5EBF00193A7B /* AVP_PracticeTests */,
				6DD1E0F02E2F5EBD00193A7B /* Products */,
			);
			sourceTree = "<group>";
		};
		6DD1E0F02E2F5EBD00193A7B /* Products */ = {
			isa = PBXGroup;
			children = (
				6DD1E0EF2E2F5EBD00193A7B /* AVP_Practice.app */,
				6DD1E1042E2F5EBF00193A7B /* AVP_PracticeTests.xctest */,
			);
			name = Products;
			sourceTree = "<group>";
		};
		6DD1E0F22E2F5EBD00193A7B /* Packages */ = {
			isa = PBXGroup;
			children = (
				6DD1E0F32E2F5EBD00193A7B /* RealityKitContent */,
			);
			path = Packages;
			sourceTree = "<group>";
		};
/* End PBXGroup section */

/* Begin PBXNativeTarget section */
		6DD1E0EE2E2F5EBD00193A7B /* AVP_Practice */ = {
			isa = PBXNativeTarget;
			buildConfigurationList = 6DD1E10B2E2F5EBF00193A7B /* Build configuration list for PBXNativeTarget "AVP_Practice" */;
			buildPhases = (
				6DD1E0EB2E2F5EBD00193A7B /* Sources */,
				6DD1E0EC2E2F5EBD00193A7B /* Frameworks */,
				6DD1E0ED2E2F5EBD00193A7B /* Resources */,
			);
			buildRules = (
			);
			dependencies = (
			);
			fileSystemSynchronizedGroups = (
				6DD1E0F12E2F5EBD00193A7B /* AVP_Practice */,
			);
			name = AVP_Practice;
			packageProductDependencies = (
				6DD1E0F42E2F5EBD00193A7B /* RealityKitContent */,
			);
			productName = AVP_Practice;
			productReference = 6DD1E0EF2E2F5EBD00193A7B /* AVP_Practice.app */;
			productType = "com.apple.product-type.application";
		};
		6DD1E1032E2F5EBF00193A7B /* AVP_PracticeTests */ = {
			isa = PBXNativeTarget;
			buildConfigurationList = 6DD1E1102E2F5EBF00193A7B /* Build configuration list for PBXNativeTarget "AVP_PracticeTests" */;
			buildPhases = (
				6DD1E1002E2F5EBF00193A7B /* Sources */,
				6DD1E1012E2F5EBF00193A7B /* Frameworks */,
				6DD1E1022E2F5EBF00193A7B /* Resources */,
			);
			buildRules = (
			);
			dependencies = (
				6DD1E1062E2F5EBF00193A7B /* PBXTargetDependency */,
			);
			fileSystemSynchronizedGroups = (
				6DD1E1072E2F5EBF00193A7B /* AVP_PracticeTests */,
			);
			name = AVP_PracticeTests;
			packageProductDependencies = (
			);
			productName = AVP_PracticeTests;
			productReference = 6DD1E1042E2F5EBF00193A7B /* AVP_PracticeTests.xctest */;
			productType = "com.apple.product-type.bundle.unit-test";
		};
/* End PBXNativeTarget section */

/* Begin PBXProject section */
		6DD1E0E72E2F5EBD00193A7B /* Project object */ = {
			isa = PBXProject;
			attributes = {
				BuildIndependentTargetsInParallel = 1;
				LastSwiftUpdateCheck = 1620;
				LastUpgradeCheck = 1620;
				TargetAttributes = {
					6DD1E0EE2E2F5EBD00193A7B = {
						CreatedOnToolsVersion = 16.2;
					};
					6DD1E1032E2F5EBF00193A7B = {
						CreatedOnToolsVersion = 16.2;
						TestTargetID = 6DD1E0EE2E2F5EBD00193A7B;
					};
				};
			};
			buildConfigurationList = 6DD1E0EA2E2F5EBD00193A7B /* Build configuration list for PBXProject "AVP_Practice" */;
			developmentRegion = en;
			hasScannedForEncodings = 0;
			knownRegions = (
				en,
				Base,
			);
			mainGroup = 6DD1E0E62E2F5EBD00193A7B;
			minimizedProjectReferenceProxies = 1;
			preferredProjectObjectVersion = 77;
			productRefGroup = 6DD1E0F02E2F5EBD00193A7B /* Products */;
			projectDirPath = "";
			projectRoot = "";
			targets = (
				6DD1E0EE2E2F5EBD00193A7B /* AVP_Practice */,
				6DD1E1032E2F5EBF00193A7B /* AVP_PracticeTests */,
			);
		};
/* End PBXProject section */

/* Begin PBXResourcesBuildPhase section */
		6DD1E0ED2E2F5EBD00193A7B /* Resources */ = {
			isa = PBXResourcesBuildPhase;
			buildActionMask = 2147483647;
			files = (
			);
			runOnlyForDeploymentPostprocessing = 0;
		};
		6DD1E1022E2F5EBF00193A7B /* Resources */ = {
			isa = PBXResourcesBuildPhase;
			buildActionMask = 2147483647;
			files = (
			);
			runOnlyForDeploymentPostprocessing = 0;
		};
/* End PBXResourcesBuildPhase section */

/* Begin PBXSourcesBuildPhase section */
		6DD1E0EB2E2F5EBD00193A7B /* Sources */ = {
			isa = PBXSourcesBuildPhase;
			buildActionMask = 2147483647;
			files = (
			);
			runOnlyForDeploymentPostprocessing = 0;
		};
		6DD1E1002E2F5EBF00193A7B /* Sources */ = {
			isa = PBXSourcesBuildPhase;
			buildActionMask = 2147483647;
			files = (
			);
			runOnlyForDeploymentPostprocessing = 0;
		};
/* End PBXSourcesBuildPhase section */

/* Begin PBXTargetDependency section */
		6DD1E1062E2F5EBF00193A7B /* PBXTargetDependency */ = {
			isa = PBXTargetDependency;
			target = 6DD1E0EE2E2F5EBD00193A7B /* AVP_Practice */;
			targetProxy = 6DD1E1052E2F5EBF00193A7B /* PBXContainerItemProxy */;
		};
/* End PBXTargetDependency section */

/* Begin XCBuildConfiguration section */
		6DD1E10C2E2F5EBF00193A7B /* Debug */ = {
			isa = XCBuildConfiguration;
			buildSettings = {
				ASSETCATALOG_COMPILER_APPICON_NAME = AppIcon;
				ASSETCATALOG_COMPILER_GLOBAL_ACCENT_COLOR_NAME = AccentColor;
				CODE_SIGN_STYLE = Automatic;
				CURRENT_PROJECT_VERSION = 1;
				DEVELOPMENT_ASSET_PATHS = "\"AVP_Practice/Preview Content\"";
				DEVELOPMENT_TEAM = 7PF4M82W4A;
				ENABLE_PREVIEWS = YES;
				GENERATE_INFOPLIST_FILE = YES;
				INFOPLIST_FILE = "$(TARGET_NAME)/Info.plist";
				LD_RUNPATH_SEARCH_PATHS = (
					"$(inherited)",
					"@executable_path/Frameworks",
				);
				MARKETING_VERSION = 1.0;
				PRODUCT_BUNDLE_IDENTIFIER = "com.fbs.bernvrtest.AVP-Practice";
				PRODUCT_NAME = "$(TARGET_NAME)";
				SUPPORTED_PLATFORMS = "xros xrsimulator";
				SWIFT_EMIT_LOC_STRINGS = YES;
				SWIFT_VERSION = 5.0;
				TARGETED_DEVICE_FAMILY = 7;
			};
			name = Debug;
		};
		6DD1E10D2E2F5EBF00193A7B /* Release */ = {
			isa = XCBuildConfiguration;
			buildSettings = {
				ASSETCATALOG_COMPILER_APPICON_NAME = AppIcon;
				ASSETCATALOG_COMPILER_GLOBAL_ACCENT_COLOR_NAME = AccentColor;
				CODE_SIGN_STYLE = Automatic;
				CURRENT_PROJECT_VERSION = 1;
				DEVELOPMENT_ASSET_PATHS = "\"AVP_Practice/Preview Content\"";
				DEVELOPMENT_TEAM = 7PF4M82W4A;
				ENABLE_PREVIEWS = YES;
				GENERATE_INFOPLIST_FILE = YES;
				INFOPLIST_FILE = "$(TARGET_NAME)/Info.plist";
				LD_RUNPATH_SEARCH_PATHS = (
					"$(inherited)",
					"@executable_path/Frameworks",
				);
				MARKETING_VERSION = 1.0;
				PRODUCT_BUNDLE_IDENTIFIER = "com.fbs.bernvrtest.AVP-Practice";
				PRODUCT_NAME = "$(TARGET_NAME)";
				SUPPORTED_PLATFORMS = "xros xrsimulator";
				SWIFT_EMIT_LOC_STRINGS = YES;
				SWIFT_VERSION = 5.0;
				TARGETED_DEVICE_FAMILY = 7;
			};
			name = Release;
		};
		6DD1E10E2E2F5EBF00193A7B /* Debug */ = {
			isa = XCBuildConfiguration;
			buildSettings = {
				ALWAYS_SEARCH_USER_PATHS = NO;
				ASSETCATALOG_COMPILER_GENERATE_SWIFT_ASSET_SYMBOL_EXTENSIONS = YES;
				CLANG_ANALYZER_NONNULL = YES;
				CLANG_ANALYZER_NUMBER_OBJECT_CONVERSION = YES_AGGRESSIVE;
				CLANG_CXX_LANGUAGE_STANDARD = "gnu++20";
				CLANG_ENABLE_MODULES = YES;
				CLANG_ENABLE_OBJC_ARC = YES;
				CLANG_ENABLE_OBJC_WEAK = YES;
				CLANG_WARN_BLOCK_CAPTURE_AUTORELEASING = YES;
				CLANG_WARN_BOOL_CONVERSION = YES;
				CLANG_WARN_COMMA = YES;
				CLANG_WARN_CONSTANT_CONVERSION = YES;
				CLANG_WARN_DEPRECATED_OBJC_IMPLEMENTATIONS = YES;
				CLANG_WARN_DIRECT_OBJC_ISA_USAGE = YES_ERROR;
				CLANG_WARN_DOCUMENTATION_COMMENTS = YES;
				CLANG_WARN_EMPTY_BODY = YES;
				CLANG_WARN_ENUM_CONVERSION = YES;
				CLANG_WARN_INFINITE_RECURSION = YES;
				CLANG_WARN_INT_CONVERSION = YES;
				CLANG_WARN_NON_LITERAL_NULL_CONVERSION = YES;
				CLANG_WARN_OBJC_IMPLICIT_RETAIN_SELF = YES;
				CLANG_WARN_OBJC_LITERAL_CONVERSION = YES;
				CLANG_WARN_OBJC_ROOT_CLASS = YES_ERROR;
				CLANG_WARN_QUOTED_INCLUDE_IN_FRAMEWORK_HEADER = YES;
				CLANG_WARN_RANGE_LOOP_ANALYSIS = YES;
				CLANG_WARN_STRICT_PROTOTYPES = YES;
				CLANG_WARN_SUSPICIOUS_MOVE = YES;
				CLANG_WARN_UNGUARDED_AVAILABILITY = YES_AGGRESSIVE;
				CLANG_WARN_UNREACHABLE_CODE = YES;
				CLANG_WARN__DUPLICATE_METHOD_MATCH = YES;
				COPY_PHASE_STRIP = NO;
				DEBUG_INFORMATION_FORMAT = dwarf;
				ENABLE_STRICT_OBJC_MSGSEND = YES;
				ENABLE_TESTABILITY = YES;
				ENABLE_USER_SCRIPT_SANDBOXING = YES;
				GCC_C_LANGUAGE_STANDARD = gnu17;
				GCC_DYNAMIC_NO_PIC = NO;
				GCC_NO_COMMON_BLOCKS = YES;
				GCC_OPTIMIZATION_LEVEL = 0;
				GCC_PREPROCESSOR_DEFINITIONS = (
					"DEBUG=1",
					"$(inherited)",
				);
				GCC_WARN_64_TO_32_BIT_CONVERSION = YES;
				GCC_WARN_ABOUT_RETURN_TYPE = YES_ERROR;
				GCC_WARN_UNDECLARED_SELECTOR = YES;
				GCC_WARN_UNINITIALIZED_AUTOS = YES_AGGRESSIVE;
				GCC_WARN_UNUSED_FUNCTION = YES;
				GCC_WARN_UNUSED_VARIABLE = YES;
				LOCALIZATION_PREFERS_STRING_CATALOGS = YES;
				MTL_ENABLE_DEBUG_INFO = INCLUDE_SOURCE;
				MTL_FAST_MATH = YES;
				ONLY_ACTIVE_ARCH = YES;
				SDKROOT = xros;
				SWIFT_ACTIVE_COMPILATION_CONDITIONS = "DEBUG $(inherited)";
				SWIFT_OPTIMIZATION_LEVEL = "-Onone";
				XROS_DEPLOYMENT_TARGET = 2.2;
			};
			name = Debug;
		};
		6DD1E10F2E2F5EBF00193A7B /* Release */ = {
			isa = XCBuildConfiguration;
			buildSettings = {
				ALWAYS_SEARCH_USER_PATHS = NO;
				ASSETCATALOG_COMPILER_GENERATE_SWIFT_ASSET_SYMBOL_EXTENSIONS = YES;
				CLANG_ANALYZER_NONNULL = YES;
				CLANG_ANALYZER_NUMBER_OBJECT_CONVERSION = YES_AGGRESSIVE;
				CLANG_CXX_LANGUAGE_STANDARD = "gnu++20";
				CLANG_ENABLE_MODULES = YES;
				CLANG_ENABLE_OBJC_ARC = YES;
				CLANG_ENABLE_OBJC_WEAK = YES;
				CLANG_WARN_BLOCK_CAPTURE_AUTORELEASING = YES;
				CLANG_WARN_BOOL_CONVERSION = YES;
				CLANG_WARN_COMMA = YES;
				CLANG_WARN_CONSTANT_CONVERSION = YES;
				CLANG_WARN_DEPRECATED_OBJC_IMPLEMENTATIONS = YES;
				CLANG_WARN_DIRECT_OBJC_ISA_USAGE = YES_ERROR;
				CLANG_WARN_DOCUMENTATION_COMMENTS = YES;
				CLANG_WARN_EMPTY_BODY = YES;
				CLANG_WARN_ENUM_CONVERSION = YES;
				CLANG_WARN_INFINITE_RECURSION = YES;
				CLANG_WARN_INT_CONVERSION = YES;
				CLANG_WARN_NON_LITERAL_NULL_CONVERSION = YES;
				CLANG_WARN_OBJC_IMPLICIT_RETAIN_SELF = YES;
				CLANG_WARN_OBJC_LITERAL_CONVERSION = YES;
				CLANG_WARN_OBJC_ROOT_CLASS = YES_ERROR;
				CLANG_WARN_QUOTED_INCLUDE_IN_FRAMEWORK_HEADER = YES;
				CLANG_WARN_RANGE_LOOP_ANALYSIS = YES;
				CLANG_WARN_STRICT_PROTOTYPES = YES;
				CLANG_WARN_SUSPICIOUS_MOVE = YES;
				CLANG_WARN_UNGUARDED_AVAILABILITY = YES_AGGRESSIVE;
				CLANG_WARN_UNREACHABLE_CODE = YES;
				CLANG_WARN__DUPLICATE_METHOD_MATCH = YES;
				COPY_PHASE_STRIP = NO;
				DEBUG_INFORMATION_FORMAT = "dwarf-with-dsym";
				ENABLE_NS_ASSERTIONS = NO;
				ENABLE_STRICT_OBJC_MSGSEND = YES;
				ENABLE_USER_SCRIPT_SANDBOXING = YES;
				GCC_C_LANGUAGE_STANDARD = gnu17;
				GCC_NO_COMMON_BLOCKS = YES;
				GCC_WARN_64_TO_32_BIT_CONVERSION = YES;
				GCC_WARN_ABOUT_RETURN_TYPE = YES_ERROR;
				GCC_WARN_UNDECLARED_SELECTOR = YES;
				GCC_WARN_UNINITIALIZED_AUTOS = YES_AGGRESSIVE;
				GCC_WARN_UNUSED_FUNCTION = YES;
				GCC_WARN_UNUSED_VARIABLE = YES;
				LOCALIZATION_PREFERS_STRING_CATALOGS = YES;
				MTL_ENABLE_DEBUG_INFO = NO;
				MTL_FAST_MATH = YES;
				SDKROOT = xros;
				SWIFT_COMPILATION_MODE = wholemodule;
				VALIDATE_PRODUCT = YES;
				XROS_DEPLOYMENT_TARGET = 2.2;
			};
			name = Release;
		};
		6DD1E1112E2F5EBF00193A7B /* Debug */ = {
			isa = XCBuildConfiguration;
			buildSettings = {
				BUNDLE_LOADER = "$(TEST_HOST)";
				CODE_SIGN_STYLE = Automatic;
				CURRENT_PROJECT_VERSION = 1;
				DEVELOPMENT_TEAM = 7PF4M82W4A;
				GENERATE_INFOPLIST_FILE = YES;
				MARKETING_VERSION = 1.0;
				PRODUCT_BUNDLE_IDENTIFIER = "com.fbs.bernvrtest.AVP-PracticeTests";
				PRODUCT_NAME = "$(TARGET_NAME)";
				SUPPORTED_PLATFORMS = "xros xrsimulator";
				SWIFT_EMIT_LOC_STRINGS = NO;
				SWIFT_VERSION = 5.0;
				TARGETED_DEVICE_FAMILY = 7;
				TEST_HOST = "$(BUILT_PRODUCTS_DIR)/AVP_Practice.app/$(BUNDLE_EXECUTABLE_FOLDER_PATH)/AVP_Practice";
				XROS_DEPLOYMENT_TARGET = 2.2;
			};
			name = Debug;
		};
		6DD1E1122E2F5EBF00193A7B /* Release */ = {
			isa = XCBuildConfiguration;
			buildSettings = {
				BUNDLE_LOADER = "$(TEST_HOST)";
				CODE_SIGN_STYLE = Automatic;
				CURRENT_PROJECT_VERSION = 1;
				DEVELOPMENT_TEAM = 7PF4M82W4A;
				GENERATE_INFOPLIST_FILE = YES;
				MARKETING_VERSION = 1.0;
				PRODUCT_BUNDLE_IDENTIFIER = "com.fbs.bernvrtest.AVP-PracticeTests";
				PRODUCT_NAME = "$(TARGET_NAME)";
				SUPPORTED_PLATFORMS = "xros xrsimulator";
				SWIFT_EMIT_LOC_STRINGS = NO;
				SWIFT_VERSION = 5.0;
				TARGETED_DEVICE_FAMILY = 7;
				TEST_HOST = "$(BUILT_PRODUCTS_DIR)/AVP_Practice.app/$(BUNDLE_EXECUTABLE_FOLDER_PATH)/AVP_Practice";
				XROS_DEPLOYMENT_TARGET = 2.2;
			};
			name = Release;
		};
/* End XCBuildConfiguration section */

/* Begin XCConfigurationList section */
		6DD1E0EA2E2F5EBD00193A7B /* Build configuration list for PBXProject "AVP_Practice" */ = {
			isa = XCConfigurationList;
			buildConfigurations = (
				6DD1E10E2E2F5EBF00193A7B /* Debug */,
				6DD1E10F2E2F5EBF00193A7B /* Release */,
			);
			defaultConfigurationIsVisible = 0;
			defaultConfigurationName = Release;
		};
		6DD1E10B2E2F5EBF00193A7B /* Build configuration list for PBXNativeTarget "AVP_Practice" */ = {
			isa = XCConfigurationList;
			buildConfigurations = (
				6DD1E10C2E2F5EBF00193A7B /* Debug */,
				6DD1E10D2E2F5EBF00193A7B /* Release */,
			);
			defaultConfigurationIsVisible = 0;
			defaultConfigurationName = Release;
		};
		6DD1E1102E2F5EBF00193A7B /* Build configuration list for PBXNativeTarget "AVP_PracticeTests" */ = {
			isa = XCConfigurationList;
			buildConfigurations = (
				6DD1E1112E2F5EBF00193A7B /* Debug */,
				6DD1E1122E2F5EBF00193A7B /* Release */,
			);
			defaultConfigurationIsVisible = 0;
			defaultConfigurationName = Release;
		};
/* End XCConfigurationList section */

/* Begin XCSwiftPackageProductDependency section */
		6DD1E0F42E2F5EBD00193A7B /* RealityKitContent */ = {
			isa = XCSwiftPackageProductDependency;
			productName = RealityKitContent;
		};
/* End XCSwiftPackageProductDependency section */
	};
	rootObject = 6DD1E0E72E2F5EBD00193A7B /* Project object */;
}
